github.com/rossmerr/bitvector v0.0.0-20230205220623-ab49b8a13311 h1:rHKJW1VxjZ0+hxSPKFbjmsqlpltvpV/n/sFVyhYp/rI=
github.com/rossmerr/bitvector v0.0.0-20230205220623-ab49b8a13311/go.mod h1:SspG0ls/bZbhrZZh2jmLXxtfk9Chif7C+acDx1qT1KM=
github.com/rossmerr/bitvector v0.0.0-20230205222047-afb18aa84038 h1:JEwyumvW/DQP5z7owceqUmRROKNX6xJa/GSdFLXGYPM=
github.com/rossmerr/bitvector v0.0.0-20230205222047-afb18aa84038/go.mod h1:SspG0ls/bZbhrZZh2jmLXxtfk9Chif7C+acDx1qT1KM=
